
Microsoft Visual Studio Solution File, Format Version 12.00
# Visual Studio Version 17
VisualStudioVersion = 17.9.34714.143
MinimumVisualStudioVersion = 10.0.40219.1
Project("{FAE04EC0-301F-11D3-BF4B-00C04F79EFBC}") = "ToDo", "ToDo.csproj", "{A39BF272-8CA9-4D6E-9E1E-D12DD1D9D336}"
EndProject
Project("{FAE04EC0-301F-11D3-BF4B-00C04F79EFBC}") = "Todo.UnitTests", "..\Todo.UnitTests\Todo.UnitTests.csproj", "{478E2066-1172-4EAF-9FE3-7FE79BF53E6F}"
EndProject
Global
	GlobalSection(SolutionConfigurationPlatforms) = preSolution
		Debug|Any CPU = Debug|Any CPU
		Release|Any CPU = Release|Any CPU
	EndGlobalSection
	GlobalSection(ProjectConfigurationPlatforms) = postSolution
		{A39BF272-8CA9-4D6E-9E1E-D12DD1D9D336}.Debug|Any CPU.ActiveCfg = Debug|Any CPU
		{A39BF272-8CA9-4D6E-9E1E-D12DD1D9D336}.Debug|Any CPU.Build.0 = Debug|Any CPU
		{A39BF272-8CA9-4D6E-9E1E-D12DD1D9D336}.Release|Any CPU.ActiveCfg = Release|Any CPU
		{A39BF272-8CA9-4D6E-9E1E-D12DD1D9D336}.Release|Any CPU.Build.0 = Release|Any CPU
		{478E2066-1172-4EAF-9FE3-7FE79BF53E6F}.Debug|Any CPU.ActiveCfg = Debug|Any CPU
		{478E2066-1172-4EAF-9FE3-7FE79BF53E6F}.Debug|Any CPU.Build.0 = Debug|Any CPU
		{478E2066-1172-4EAF-9FE3-7FE79BF53E6F}.Release|Any CPU.ActiveCfg = Release|Any CPU
		{478E2066-1172-4EAF-9FE3-7FE79BF53E6F}.Release|Any CPU.Build.0 = Release|Any CPU
	EndGlobalSection
	GlobalSection(SolutionProperties) = preSolution
		HideSolutionNode = FALSE
	EndGlobalSection
	GlobalSection(ExtensibilityGlobals) = postSolution
		SolutionGuid = {FFEEAD6F-B2A5-4822-8B6A-A8BF5BEBEEDD}
	EndGlobalSection
EndGlobal
